
Microsoft Visual Studio Solution File, Format Version 12.00
# Visual Studio Version 17
VisualStudioVersion = 17.14.36429.23
MinimumVisualStudioVersion = 10.0.40219.1
Project("{2150E333-8FDC-42A3-9474-1A3956D46DE8}") = "Task0", "Task0", "{02EA681E-C7D8-13C7-8484-4AC65E1B71E8}"
EndProject
Project("{FAE04EC0-301F-11D3-BF4B-00C04F79EFBC}") = "Tyuiu.DunaizevAO.Sprint0.Task0.V0", "Tyuiu.DunaizevAO.Sprint0.Task0.V0\Tyuiu.DunaizevAO.Sprint0.Task0.V0.csproj", "{20373288-67B2-4B27-BB7D-37552F65B58F}"
EndProject
Project("{2150E333-8FDC-42A3-9474-1A3956D46DE8}") = "Task1", "Task1", "{2DB04EFD-9B6C-4D15-A38C-631FF2C3A90E}"
EndProject
Project("{FAE04EC0-301F-11D3-BF4B-00C04F79EFBC}") = "Tyuiu.DunaizevAO.Sprint0.Task1.V0", "Tyuiu.DunaizevAO.Sprint0.Task1.V0\Tyuiu.DunaizevAO.Sprint0.Task1.V0.csproj", "{FAC37B80-7564-4272-ABBF-C5295B8E9586}"
EndProject
Project("{2150E333-8FDC-42A3-9474-1A3956D46DE8}") = "Task2", "Task2", "{EA51B664-89A5-4484-AD5D-24A6F8C47841}"
EndProject
Project("{FAE04EC0-301F-11D3-BF4B-00C04F79EFBC}") = "Tyuiu.DunaizevAO.Sprint0.Task2.V0", "Tyuiu.DunaizevAO.Sprint0.Task2.V0\Tyuiu.DunaizevAO.Sprint0.Task2.V0.csproj", "{281564BC-34A5-4632-B110-125F2A096FB0}"
EndProject
Project("{FAE04EC0-301F-11D3-BF4B-00C04F79EFBC}") = "Tyuiu.DunaizevAO.Sprint0.Task2.V0.Lib", "Tyuiu.DunaizevAO.Sprint0.Task2.V0.Lib\Tyuiu.DunaizevAO.Sprint0.Task2.V0.Lib.csproj", "{A37A1CF5-9052-483F-98E4-1433CBFB4AD1}"
EndProject
Project("{FAE04EC0-301F-11D3-BF4B-00C04F79EFBC}") = "Tyuiu.DunaizevAO.Sprint0.Task2.V0.Test", "Tyuiu.DunaizevAO.Sprint0.Task2.V0.Test\Tyuiu.DunaizevAO.Sprint0.Task2.V0.Test.csproj", "{5F224C51-91C7-475C-B49A-0A150A0BD1C7}"
EndProject
Project("{2150E333-8FDC-42A3-9474-1A3956D46DE8}") = "Task3", "Task3", "{64B9AAC7-7897-43BF-9439-2EF9D5580519}"
EndProject
Project("{FAE04EC0-301F-11D3-BF4B-00C04F79EFBC}") = "Tyuiu.DunaizevAO.Sprint0.Task3.V0", "Tyuiu.DunaizevAO.Sprint0.Task3.V0\Tyuiu.DunaizevAO.Sprint0.Task3.V0.csproj", "{659521FF-7C48-4266-BCF1-FC9107D57B66}"
EndProject
Project("{FAE04EC0-301F-11D3-BF4B-00C04F79EFBC}") = "Tyuiu.DunaizevAO.Sprint0.Task3.V0.Lib", "Tyuiu.DunaizevAO.Sprint0.Task3.V0.Lib\Tyuiu.DunaizevAO.Sprint0.Task3.V0.Lib.csproj", "{A4DDA56A-8DA7-4F8E-AD0E-804F315AD9B2}"
EndProject
Project("{FAE04EC0-301F-11D3-BF4B-00C04F79EFBC}") = "Tyuiu.DunaizevAO.Sprint0.Task3.V0.Test", "Tyuiu.DunaizevAO.Sprint0.Task3.V0.Test\Tyuiu.DunaizevAO.Sprint0.Task3.V0.Test.csproj", "{D3CEDB1F-76FB-40A0-87AC-29FBA50B6E98}"
EndProject
Project("{2150E333-8FDC-42A3-9474-1A3956D46DE8}") = "Task4", "Task4", "{3FBD64A3-93C9-4ECA-91A3-F55E0CFE63BC}"
EndProject
Project("{FAE04EC0-301F-11D3-BF4B-00C04F79EFBC}") = "Tyuiu.DunaizevAO.Sprint0.Task4.V0", "Tyuiu.DunaizevAO.Sprint0.Task4.V0\Tyuiu.DunaizevAO.Sprint0.Task4.V0.csproj", "{0EF8896B-A946-4575-B7BF-78295F0667CE}"
EndProject
Project("{FAE04EC0-301F-11D3-BF4B-00C04F79EFBC}") = "Tyuiu.DunaizevAO.Sprint0.Task4.V0.Lib", "Tyuiu.DunaizevAO.Sprint0.Task4.V0.Lib\Tyuiu.DunaizevAO.Sprint0.Task4.V0.Lib.csproj", "{3994AB15-A73D-4419-B37B-1A8C394F017F}"
EndProject
Project("{FAE04EC0-301F-11D3-BF4B-00C04F79EFBC}") = "Tyuiu.DunaizevAO.Sprint0.Task4.V0.Test", "Tyuiu.DunaizevAO.Sprint0.Task4.V0.Test\Tyuiu.DunaizevAO.Sprint0.Task4.V0.Test.csproj", "{753B51A5-8B67-4C8D-97CC-24F24A9FE231}"
EndProject
Project("{2150E333-8FDC-42A3-9474-1A3956D46DE8}") = "Task5", "Task5", "{0DBA5008-AD06-4FA5-BA37-3D5FA255EDC9}"
EndProject
Project("{FAE04EC0-301F-11D3-BF4B-00C04F79EFBC}") = "Tyuiu.DunaizevAO.Sprint0.Task5.V1", "Tyuiu.SpirinIS.Sprint0.Task5.V0\Tyuiu.DunaizevAO.Sprint0.Task5.V1.csproj", "{B0FA7B32-E09C-4FA1-B8CF-72DC0303C972}"
EndProject
Project("{FAE04EC0-301F-11D3-BF4B-00C04F79EFBC}") = "Tyuiu.DunaizevAO.Sprint0.Task5.V0.Lib", "Tyuiu.SpirinIS.Sprint0.Task5.V0.Lib\Tyuiu.DunaizevAO.Sprint0.Task5.V0.Lib.csproj", "{BE8F5F3C-7550-4BB0-A841-6A5BDED12417}"
EndProject
Project("{FAE04EC0-301F-11D3-BF4B-00C04F79EFBC}") = "Tyuiu.DunaizevAO.Sprint0.Task5.V0.Test", "Tyuiu.SpirinIS.Sprint0.Task5.V0.Test\Tyuiu.DunaizevAO.Sprint0.Task5.V0.Test.csproj", "{FEAE244A-AC6C-4EC6-8FB7-485EA0A17FC2}"
EndProject
Project("{2150E333-8FDC-42A3-9474-1A3956D46DE8}") = "Task6", "Task6", "{4C44A6C7-3AA6-475D-AE90-A08D29549202}"
EndProject
Project("{FAE04EC0-301F-11D3-BF4B-00C04F79EFBC}") = "Tyuiu.DunaizevAO.Sprint0.Task6.V0", "Tyuiu.DunaizevAO.Sprint0.Task6.V0\Tyuiu.DunaizevAO.Sprint0.Task6.V0.csproj", "{E7D973B0-D9D4-456B-ACAC-F0CC64D094A2}"
EndProject
Project("{FAE04EC0-301F-11D3-BF4B-00C04F79EFBC}") = "Tyuiu.DunaizevAO.Sprint0.Task6.V0.Lib", "Tyuiu.DunaizevAO.Sprint0.Task6.V0.Lib\Tyuiu.DunaizevAO.Sprint0.Task6.V0.Lib.csproj", "{C7E34608-C5A7-4F06-8B26-D86275E6C582}"
EndProject
Project("{FAE04EC0-301F-11D3-BF4B-00C04F79EFBC}") = "Tyuiu.DunaizevAO.Sprint0.Task6.V0.Test", "Tyuiu.DunaizevAO.Sprint0.Task6.V0.Test\Tyuiu.DunaizevAO.Sprint0.Task6.V0.Test.csproj", "{02AF4407-F096-4D9F-B1BE-D54A6A34C3B9}"
EndProject
Project("{2150E333-8FDC-42A3-9474-1A3956D46DE8}") = "Task7", "Task7", "{D9ABA6F9-580F-4467-890C-E547B66FF584}"
EndProject
Project("{FAE04EC0-301F-11D3-BF4B-00C04F79EFBC}") = "Tyuiu.DunaizevAO.Sprint0.Task7.V0", "Tyuiu.DunaizevAO.Sprint0.Task7.V0\Tyuiu.DunaizevAO.Sprint0.Task7.V0.csproj", "{6B957491-8C26-4088-B2D4-770F3D4DE0C2}"
EndProject
Project("{FAE04EC0-301F-11D3-BF4B-00C04F79EFBC}") = "Tyuiu.DunaizevAO.Sprint0.Task7.V0.Lib", "Tyuiu.DunaizevAO.Sprint0.Task7.V0.Lib\Tyuiu.DunaizevAO.Sprint0.Task7.V0.Lib.csproj", "{AB5DB23E-4B32-4542-9DCA-1B100A02EE79}"
EndProject
Project("{FAE04EC0-301F-11D3-BF4B-00C04F79EFBC}") = "Tyuiu.DunaizevAO.Sprint0.Task7.V0.Test", "Tyuiu.DunaizevAO.Sprint0.Task7.V0.Test\Tyuiu.DunaizevAO.Sprint0.Task7.V0.Test.csproj", "{E626D913-7287-4EB4-AC98-D6C024566F33}"
EndProject
Global
	GlobalSection(SolutionConfigurationPlatforms) = preSolution
		Debug|Any CPU = Debug|Any CPU
		Release|Any CPU = Release|Any CPU
	EndGlobalSection
	GlobalSection(ProjectConfigurationPlatforms) = postSolution
		{20373288-67B2-4B27-BB7D-37552F65B58F}.Debug|Any CPU.ActiveCfg = Debug|Any CPU
		{20373288-67B2-4B27-BB7D-37552F65B58F}.Debug|Any CPU.Build.0 = Debug|Any CPU
		{20373288-67B2-4B27-BB7D-37552F65B58F}.Release|Any CPU.ActiveCfg = Release|Any CPU
		{20373288-67B2-4B27-BB7D-37552F65B58F}.Release|Any CPU.Build.0 = Release|Any CPU
		{FAC37B80-7564-4272-ABBF-C5295B8E9586}.Debug|Any CPU.ActiveCfg = Debug|Any CPU
		{FAC37B80-7564-4272-ABBF-C5295B8E9586}.Debug|Any CPU.Build.0 = Debug|Any CPU
		{FAC37B80-7564-4272-ABBF-C5295B8E9586}.Release|Any CPU.ActiveCfg = Release|Any CPU
		{FAC37B80-7564-4272-ABBF-C5295B8E9586}.Release|Any CPU.Build.0 = Release|Any CPU
		{281564BC-34A5-4632-B110-125F2A096FB0}.Debug|Any CPU.ActiveCfg = Debug|Any CPU
		{281564BC-34A5-4632-B110-125F2A096FB0}.Debug|Any CPU.Build.0 = Debug|Any CPU
		{281564BC-34A5-4632-B110-125F2A096FB0}.Release|Any CPU.ActiveCfg = Release|Any CPU
		{281564BC-34A5-4632-B110-125F2A096FB0}.Release|Any CPU.Build.0 = Release|Any CPU
		{A37A1CF5-9052-483F-98E4-1433CBFB4AD1}.Debug|Any CPU.ActiveCfg = Debug|Any CPU
		{A37A1CF5-9052-483F-98E4-1433CBFB4AD1}.Debug|Any CPU.Build.0 = Debug|Any CPU
		{A37A1CF5-9052-483F-98E4-1433CBFB4AD1}.Release|Any CPU.ActiveCfg = Release|Any CPU
		{A37A1CF5-9052-483F-98E4-1433CBFB4AD1}.Release|Any CPU.Build.0 = Release|Any CPU
		{5F224C51-91C7-475C-B49A-0A150A0BD1C7}.Debug|Any CPU.ActiveCfg = Debug|Any CPU
		{5F224C51-91C7-475C-B49A-0A150A0BD1C7}.Debug|Any CPU.Build.0 = Debug|Any CPU
		{5F224C51-91C7-475C-B49A-0A150A0BD1C7}.Release|Any CPU.ActiveCfg = Release|Any CPU
		{5F224C51-91C7-475C-B49A-0A150A0BD1C7}.Release|Any CPU.Build.0 = Release|Any CPU
		{659521FF-7C48-4266-BCF1-FC9107D57B66}.Debug|Any CPU.ActiveCfg = Debug|Any CPU
		{659521FF-7C48-4266-BCF1-FC9107D57B66}.Debug|Any CPU.Build.0 = Debug|Any CPU
		{659521FF-7C48-4266-BCF1-FC9107D57B66}.Release|Any CPU.ActiveCfg = Release|Any CPU
		{659521FF-7C48-4266-BCF1-FC9107D57B66}.Release|Any CPU.Build.0 = Release|Any CPU
		{A4DDA56A-8DA7-4F8E-AD0E-804F315AD9B2}.Debug|Any CPU.ActiveCfg = Debug|Any CPU
		{A4DDA56A-8DA7-4F8E-AD0E-804F315AD9B2}.Debug|Any CPU.Build.0 = Debug|Any CPU
		{A4DDA56A-8DA7-4F8E-AD0E-804F315AD9B2}.Release|Any CPU.ActiveCfg = Release|Any CPU
		{A4DDA56A-8DA7-4F8E-AD0E-804F315AD9B2}.Release|Any CPU.Build.0 = Release|Any CPU
		{D3CEDB1F-76FB-40A0-87AC-29FBA50B6E98}.Debug|Any CPU.ActiveCfg = Debug|Any CPU
		{D3CEDB1F-76FB-40A0-87AC-29FBA50B6E98}.Debug|Any CPU.Build.0 = Debug|Any CPU
		{D3CEDB1F-76FB-40A0-87AC-29FBA50B6E98}.Release|Any CPU.ActiveCfg = Release|Any CPU
		{D3CEDB1F-76FB-40A0-87AC-29FBA50B6E98}.Release|Any CPU.Build.0 = Release|Any CPU
		{0EF8896B-A946-4575-B7BF-78295F0667CE}.Debug|Any CPU.ActiveCfg = Debug|Any CPU
		{0EF8896B-A946-4575-B7BF-78295F0667CE}.Debug|Any CPU.Build.0 = Debug|Any CPU
		{0EF8896B-A946-4575-B7BF-78295F0667CE}.Release|Any CPU.ActiveCfg = Release|Any CPU
		{0EF8896B-A946-4575-B7BF-78295F0667CE}.Release|Any CPU.Build.0 = Release|Any CPU
		{3994AB15-A73D-4419-B37B-1A8C394F017F}.Debug|Any CPU.ActiveCfg = Debug|Any CPU
		{3994AB15-A73D-4419-B37B-1A8C394F017F}.Debug|Any CPU.Build.0 = Debug|Any CPU
		{3994AB15-A73D-4419-B37B-1A8C394F017F}.Release|Any CPU.ActiveCfg = Release|Any CPU
		{3994AB15-A73D-4419-B37B-1A8C394F017F}.Release|Any CPU.Build.0 = Release|Any CPU
		{753B51A5-8B67-4C8D-97CC-24F24A9FE231}.Debug|Any CPU.ActiveCfg = Debug|Any CPU
		{753B51A5-8B67-4C8D-97CC-24F24A9FE231}.Debug|Any CPU.Build.0 = Debug|Any CPU
		{753B51A5-8B67-4C8D-97CC-24F24A9FE231}.Release|Any CPU.ActiveCfg = Release|Any CPU
		{753B51A5-8B67-4C8D-97CC-24F24A9FE231}.Release|Any CPU.Build.0 = Release|Any CPU
		{B0FA7B32-E09C-4FA1-B8CF-72DC0303C972}.Debug|Any CPU.ActiveCfg = Debug|Any CPU
		{B0FA7B32-E09C-4FA1-B8CF-72DC0303C972}.Debug|Any CPU.Build.0 = Debug|Any CPU
		{B0FA7B32-E09C-4FA1-B8CF-72DC0303C972}.Release|Any CPU.ActiveCfg = Release|Any CPU
		{B0FA7B32-E09C-4FA1-B8CF-72DC0303C972}.Release|Any CPU.Build.0 = Release|Any CPU
		{BE8F5F3C-7550-4BB0-A841-6A5BDED12417}.Debug|Any CPU.ActiveCfg = Debug|Any CPU
		{BE8F5F3C-7550-4BB0-A841-6A5BDED12417}.Debug|Any CPU.Build.0 = Debug|Any CPU
		{BE8F5F3C-7550-4BB0-A841-6A5BDED12417}.Release|Any CPU.ActiveCfg = Release|Any CPU
		{BE8F5F3C-7550-4BB0-A841-6A5BDED12417}.Release|Any CPU.Build.0 = Release|Any CPU
		{FEAE244A-AC6C-4EC6-8FB7-485EA0A17FC2}.Debug|Any CPU.ActiveCfg = Debug|Any CPU
		{FEAE244A-AC6C-4EC6-8FB7-485EA0A17FC2}.Debug|Any CPU.Build.0 = Debug|Any CPU
		{FEAE244A-AC6C-4EC6-8FB7-485EA0A17FC2}.Release|Any CPU.ActiveCfg = Release|Any CPU
		{FEAE244A-AC6C-4EC6-8FB7-485EA0A17FC2}.Release|Any CPU.Build.0 = Release|Any CPU
		{E7D973B0-D9D4-456B-ACAC-F0CC64D094A2}.Debug|Any CPU.ActiveCfg = Debug|Any CPU
		{E7D973B0-D9D4-456B-ACAC-F0CC64D094A2}.Debug|Any CPU.Build.0 = Debug|Any CPU
		{E7D973B0-D9D4-456B-ACAC-F0CC64D094A2}.Release|Any CPU.ActiveCfg = Release|Any CPU
		{E7D973B0-D9D4-456B-ACAC-F0CC64D094A2}.Release|Any CPU.Build.0 = Release|Any CPU
		{C7E34608-C5A7-4F06-8B26-D86275E6C582}.Debug|Any CPU.ActiveCfg = Debug|Any CPU
		{C7E34608-C5A7-4F06-8B26-D86275E6C582}.Debug|Any CPU.Build.0 = Debug|Any CPU
		{C7E34608-C5A7-4F06-8B26-D86275E6C582}.Release|Any CPU.ActiveCfg = Release|Any CPU
		{C7E34608-C5A7-4F06-8B26-D86275E6C582}.Release|Any CPU.Build.0 = Release|Any CPU
		{02AF4407-F096-4D9F-B1BE-D54A6A34C3B9}.Debug|Any CPU.ActiveCfg = Debug|Any CPU
		{02AF4407-F096-4D9F-B1BE-D54A6A34C3B9}.Debug|Any CPU.Build.0 = Debug|Any CPU
		{02AF4407-F096-4D9F-B1BE-D54A6A34C3B9}.Release|Any CPU.ActiveCfg = Release|Any CPU
		{02AF4407-F096-4D9F-B1BE-D54A6A34C3B9}.Release|Any CPU.Build.0 = Release|Any CPU
		{6B957491-8C26-4088-B2D4-770F3D4DE0C2}.Debug|Any CPU.ActiveCfg = Debug|Any CPU
		{6B957491-8C26-4088-B2D4-770F3D4DE0C2}.Debug|Any CPU.Build.0 = Debug|Any CPU
		{6B957491-8C26-4088-B2D4-770F3D4DE0C2}.Release|Any CPU.ActiveCfg = Release|Any CPU
		{6B957491-8C26-4088-B2D4-770F3D4DE0C2}.Release|Any CPU.Build.0 = Release|Any CPU
		{AB5DB23E-4B32-4542-9DCA-1B100A02EE79}.Debug|Any CPU.ActiveCfg = Debug|Any CPU
		{AB5DB23E-4B32-4542-9DCA-1B100A02EE79}.Debug|Any CPU.Build.0 = Debug|Any CPU
		{AB5DB23E-4B32-4542-9DCA-1B100A02EE79}.Release|Any CPU.ActiveCfg = Release|Any CPU
		{AB5DB23E-4B32-4542-9DCA-1B100A02EE79}.Release|Any CPU.Build.0 = Release|Any CPU
		{E626D913-7287-4EB4-AC98-D6C024566F33}.Debug|Any CPU.ActiveCfg = Debug|Any CPU
		{E626D913-7287-4EB4-AC98-D6C024566F33}.Debug|Any CPU.Build.0 = Debug|Any CPU
		{E626D913-7287-4EB4-AC98-D6C024566F33}.Release|Any CPU.ActiveCfg = Release|Any CPU
		{E626D913-7287-4EB4-AC98-D6C024566F33}.Release|Any CPU.Build.0 = Release|Any CPU
	EndGlobalSection
	GlobalSection(SolutionProperties) = preSolution
		HideSolutionNode = FALSE
	EndGlobalSection
	GlobalSection(NestedProjects) = preSolution
		{20373288-67B2-4B27-BB7D-37552F65B58F} = {02EA681E-C7D8-13C7-8484-4AC65E1B71E8}
		{FAC37B80-7564-4272-ABBF-C5295B8E9586} = {2DB04EFD-9B6C-4D15-A38C-631FF2C3A90E}
		{281564BC-34A5-4632-B110-125F2A096FB0} = {EA51B664-89A5-4484-AD5D-24A6F8C47841}
		{A37A1CF5-9052-483F-98E4-1433CBFB4AD1} = {EA51B664-89A5-4484-AD5D-24A6F8C47841}
		{5F224C51-91C7-475C-B49A-0A150A0BD1C7} = {EA51B664-89A5-4484-AD5D-24A6F8C47841}
		{659521FF-7C48-4266-BCF1-FC9107D57B66} = {64B9AAC7-7897-43BF-9439-2EF9D5580519}
		{A4DDA56A-8DA7-4F8E-AD0E-804F315AD9B2} = {64B9AAC7-7897-43BF-9439-2EF9D5580519}
		{D3CEDB1F-76FB-40A0-87AC-29FBA50B6E98} = {64B9AAC7-7897-43BF-9439-2EF9D5580519}
		{0EF8896B-A946-4575-B7BF-78295F0667CE} = {3FBD64A3-93C9-4ECA-91A3-F55E0CFE63BC}
		{3994AB15-A73D-4419-B37B-1A8C394F017F} = {3FBD64A3-93C9-4ECA-91A3-F55E0CFE63BC}
		{753B51A5-8B67-4C8D-97CC-24F24A9FE231} = {3FBD64A3-93C9-4ECA-91A3-F55E0CFE63BC}
		{B0FA7B32-E09C-4FA1-B8CF-72DC0303C972} = {0DBA5008-AD06-4FA5-BA37-3D5FA255EDC9}
		{BE8F5F3C-7550-4BB0-A841-6A5BDED12417} = {0DBA5008-AD06-4FA5-BA37-3D5FA255EDC9}
		{FEAE244A-AC6C-4EC6-8FB7-485EA0A17FC2} = {0DBA5008-AD06-4FA5-BA37-3D5FA255EDC9}
		{E7D973B0-D9D4-456B-ACAC-F0CC64D094A2} = {4C44A6C7-3AA6-475D-AE90-A08D29549202}
		{C7E34608-C5A7-4F06-8B26-D86275E6C582} = {4C44A6C7-3AA6-475D-AE90-A08D29549202}
		{02AF4407-F096-4D9F-B1BE-D54A6A34C3B9} = {4C44A6C7-3AA6-475D-AE90-A08D29549202}
		{6B957491-8C26-4088-B2D4-770F3D4DE0C2} = {D9ABA6F9-580F-4467-890C-E547B66FF584}
		{AB5DB23E-4B32-4542-9DCA-1B100A02EE79} = {D9ABA6F9-580F-4467-890C-E547B66FF584}
		{E626D913-7287-4EB4-AC98-D6C024566F33} = {D9ABA6F9-580F-4467-890C-E547B66FF584}
	EndGlobalSection
	GlobalSection(ExtensibilityGlobals) = postSolution
		SolutionGuid = {6828E8BB-6410-44FC-BA2F-C7526E5D6E7B}
	EndGlobalSection
EndGlobal
